<?xml version="1.0" encoding="utf-8"?>
<Project ToolsVersion="4.0" xmlns="http://schemas.microsoft.com/developer/msbuild/2003">
  <ItemGroup>
    <Filter Include="Source Files">
      <UniqueIdentifier>{4FC737F1-C7A5-4376-A066-2A32D752A2FF}</UniqueIdentifier>
      <Extensions>cpp;cxx;c;def</Extensions>
    </Filter>
    <Filter Include="Header Files">
      <UniqueIdentifier>{93995380-89BD-4b04-88EB-625FBE52EBFB}</UniqueIdentifier>
      <Extensions>h</Extensions>
    </Filter>
    <Filter Include="Form Files">
      <UniqueIdentifier>{99349809-55BA-4b9d-BF79-8FDBB0286EB3}</UniqueIdentifier>
      <Extensions>ui</Extensions>
    </Filter>
    <Filter Include="Resource Files">
      <UniqueIdentifier>{D9D6E242-F8AF-46E4-B9FD-80ECBC20BA3E}</UniqueIdentifier>
      <Extensions>qrc;*</Extensions>
      <ParseFiles>false</ParseFiles>
    </Filter>
    <Filter Include="Generated Files">
      <UniqueIdentifier>{71ED8ED8-ACB9-4CE9-BBE1-E00B30144E11}</UniqueIdentifier>
      <Extensions>moc;h;cpp</Extensions>
      <SourceControlFiles>False</SourceControlFiles>
    </Filter>
    <Filter Include="Generated Files\Debug">
      <UniqueIdentifier>{c9f0f11f-035a-43d1-bf13-cc3ea97d8893}</UniqueIdentifier>
      <Extensions>cpp;moc</Extensions>
      <SourceControlFiles>False</SourceControlFiles>
    </Filter>
    <Filter Include="Generated Files\Release">
      <UniqueIdentifier>{946e208e-cced-4199-a3f9-7b8e6d38ad3d}</UniqueIdentifier>
      <Extensions>cpp;moc</Extensions>
      <SourceControlFiles>False</SourceControlFiles>
    </Filter>
    <Filter Include="Header Files\kinect">
      <UniqueIdentifier>{350022a3-ff68-4b09-ad7f-80c62f0726f0}</UniqueIdentifier>
    </Filter>
    <Filter Include="Source Files\kinect">
      <UniqueIdentifier>{cf6a9e6f-bdb9-4e0a-9248-761e2f39b813}</UniqueIdentifier>
    </Filter>
  </ItemGroup>
  <ItemGroup>
    <ClCompile Include="main.cpp">
      <Filter>Source Files</Filter>
    </ClCompile>
    <ClCompile Include="bodyrecog_demo.cpp">
      <Filter>Source Files</Filter>
    </ClCompile>
    <ClCompile Include="GeneratedFiles\Debug\moc_bodyrecog_demo.cpp">
      <Filter>Generated Files\Debug</Filter>
    </ClCompile>
    <ClCompile Include="GeneratedFiles\Release\moc_bodyrecog_demo.cpp">
      <Filter>Generated Files\Release</Filter>
    </ClCompile>
    <ClCompile Include="GeneratedFiles\qrc_bodyrecog_demo.cpp">
      <Filter>Generated Files</Filter>
    </ClCompile>
    <ClCompile Include="kinect\capture.cpp">
      <Filter>Source Files\kinect</Filter>
    </ClCompile>
  </ItemGroup>
  <ItemGroup>
    <CustomBuild Include="bodyrecog_demo.ui">
      <Filter>Form Files</Filter>
    </CustomBuild>
    <CustomBuild Include="bodyrecog_demo.qrc">
      <Filter>Resource Files</Filter>
    </CustomBuild>
    <CustomBuild Include="bodyrecog_demo.h">
      <Filter>Header Files</Filter>
    </CustomBuild>
  </ItemGroup>
  <ItemGroup>
    <ClInclude Include="GeneratedFiles\ui_bodyrecog_demo.h">
      <Filter>Generated Files</Filter>
    </ClInclude>
    <ClInclude Include="kinect\capture.hpp">
      <Filter>Header Files\kinect</Filter>
    </ClInclude>
    <ClInclude Include="bodyrecog_config.h">
      <Filter>Header Files</Filter>
    </ClInclude>
    <ClInclude Include="kinect\kinect.h">
      <Filter>Header Files\kinect</Filter>
    </ClInclude>
  </ItemGroup>
</Project>